
Microsoft Visual Studio Solution File, Format Version 12.00
# Visual Studio Version 16
VisualStudioVersion = 16.0.31313.79
MinimumVisualStudioVersion = 10.0.40219.1
Project("{FAE04EC0-301F-11D3-BF4B-00C04F79EFBC}") = "Chapter_5", "Chapter_5\Chapter_5.csproj", "{F08C6A89-56B2-4234-83E9-BA1FF79F2043}"
EndProject
Global
	GlobalSection(SolutionConfigurationPlatforms) = preSolution
		Debug|Any CPU = Debug|Any CPU
		Release|Any CPU = Release|Any CPU
	EndGlobalSection
	GlobalSection(ProjectConfigurationPlatforms) = postSolution
		{F08C6A89-56B2-4234-83E9-BA1FF79F2043}.Debug|Any CPU.ActiveCfg = Debug|Any CPU
		{F08C6A89-56B2-4234-83E9-BA1FF79F2043}.Debug|Any CPU.Build.0 = Debug|Any CPU
		{F08C6A89-56B2-4234-83E9-BA1FF79F2043}.Release|Any CPU.ActiveCfg = Release|Any CPU
		{F08C6A89-56B2-4234-83E9-BA1FF79F2043}.Release|Any CPU.Build.0 = Release|Any CPU
	EndGlobalSection
	GlobalSection(SolutionProperties) = preSolution
		HideSolutionNode = FALSE
	EndGlobalSection
	GlobalSection(ExtensibilityGlobals) = postSolution
		SolutionGuid = {9760F6D2-617E-4A11-8A04-86511D6EAF86}
	EndGlobalSection
EndGlobal
